
Microsoft Visual Studio Solution File, Format Version 12.00
# Visual Studio Version 16
VisualStudioVersion = 16.0.28803.202
MinimumVisualStudioVersion = 10.0.40219.1
Project("{FAE04EC0-301F-11D3-BF4B-00C04F79EFBC}") = "ksm_download", "ksm_download\ksm_download.csproj", "{866AFDAB-6CD5-49B8-BB9E-60DABA7BD23F}"
EndProject
Global
	GlobalSection(SolutionConfigurationPlatforms) = preSolution
		Debug|Any CPU = Debug|Any CPU
		Release|Any CPU = Release|Any CPU
	EndGlobalSection
	GlobalSection(ProjectConfigurationPlatforms) = postSolution
		{866AFDAB-6CD5-49B8-BB9E-60DABA7BD23F}.Debug|Any CPU.ActiveCfg = Debug|Any CPU
		{866AFDAB-6CD5-49B8-BB9E-60DABA7BD23F}.Debug|Any CPU.Build.0 = Debug|Any CPU
		{866AFDAB-6CD5-49B8-BB9E-60DABA7BD23F}.Release|Any CPU.ActiveCfg = Release|Any CPU
		{866AFDAB-6CD5-49B8-BB9E-60DABA7BD23F}.Release|Any CPU.Build.0 = Release|Any CPU
	EndGlobalSection
	GlobalSection(SolutionProperties) = preSolution
		HideSolutionNode = FALSE
	EndGlobalSection
	GlobalSection(ExtensibilityGlobals) = postSolution
		SolutionGuid = {5F6DEE2F-CB2F-4D35-8A0F-05A2B5B6D23A}
	EndGlobalSection
EndGlobal
